{
  "version": 4,
  "terraform_version": "1.14.3",
  "serial": 29,
  "lineage": "5de935a6-8ba3-804b-8a6c-e2051a90ca3a",
  "outputs": {
    "focalboard1_ip": {
      "value": "93.77.182.2",
      "type": "string"
    },
    "focalboard1_private_ip": {
      "value": "10.10.0.17",
      "type": "string"
    },
    "focalboard2_ip": {
      "value": "93.77.179.17",
      "type": "string"
    },
    "focalboard2_private_ip": {
      "value": "10.10.0.22",
      "type": "string"
    },
    "load_balancer_ip": {
      "value": "158.160.189.140",
      "type": "string"
    },
    "postgres_ip": {
      "value": "93.77.176.31",
      "type": "string"
    },
    "postgres_private_ip": {
      "value": "10.10.0.33",
      "type": "string"
    }
  },
  "resources": [
    {
      "mode": "data",
      "type": "yandex_compute_image",
      "name": "ubuntu",
      "provider": "provider[\"registry.terraform.io/yandex-cloud/yandex\"]",
      "instances": [
        {
          "schema_version": 0,
          "attributes": {
            "created_at": "2026-03-09T11:29:40Z",
            "description": "Ubuntu 22.04 lts v20260306030335",
            "family": "ubuntu-2204-lts",
            "folder_id": "standard-images",
            "id": "fd875m9ethhftod6n2vd",
            "image_id": "fd875m9ethhftod6n2vd",
            "labels": {
              "version": "20260306030335",
              "x-hopper-operation-id": "d9p5mnl91fdhbap8teg2",
              "x-hopper-source-image-id": "fd83s9qsmu4hsmr41pks"
            },
            "min_disk_size": 8,
            "name": "ubuntu-22-04-lts-v20260309",
            "os_type": "linux",
            "pooled": true,
            "product_ids": [
              "f2e7h26u3q93pe7db2in"
            ],
            "size": 3,
            "status": "ready"
          },
          "sensitive_attributes": [],
          "identity_schema_version": 0
        }
      ]
    },
    {
      "mode": "data",
      "type": "yandex_vpc_network",
      "name": "existing",
      "provider": "provider[\"registry.terraform.io/yandex-cloud/yandex\"]",
      "instances": [
        {
          "schema_version": 0,
          "attributes": {
            "created_at": "2025-06-07T11:11:19Z",
            "default_security_group_id": "enpokljgphskqlhru91h",
            "description": "Auto-created network",
            "folder_id": "b1g8ab576drugl12s20n",
            "id": "enpih6fh6c3m3v527s73",
            "labels": {},
            "name": "default",
            "network_id": "enpih6fh6c3m3v527s73",
            "subnet_ids": [
              "e9bssilumm8lu3agtgfr",
              "fl8fv56p01qvf4ojhnap"
            ]
          },
          "sensitive_attributes": [],
          "identity_schema_version": 0
        }
      ]
    },
    {
      "mode": "managed",
      "type": "yandex_compute_instance",
      "name": "focalboard1",
      "provider": "provider[\"registry.terraform.io/yandex-cloud/yandex\"]",
      "instances": [
        {
          "schema_version": 1,
          "attributes": {
            "allow_recreate": null,
            "allow_stopping_for_update": null,
            "boot_disk": [
              {
                "auto_delete": true,
                "device_name": "fhm9hmvrgf3pmpe3vlda",
                "disk_id": "fhm9hmvrgf3pmpe3vlda",
                "initialize_params": [
                  {
                    "block_size": 4096,
                    "description": "",
                    "image_id": "fd875m9ethhftod6n2vd",
                    "name": "",
                    "size": 20,
                    "snapshot_id": "",
                    "type": "network-hdd"
                  }
                ],
                "mode": "READ_WRITE"
              }
            ],
            "created_at": "2026-03-12T19:57:06Z",
            "description": "",
            "filesystem": [],
            "folder_id": "b1g8ab576drugl12s20n",
            "fqdn": "fhm988085goa9v1djv8b.auto.internal",
            "hostname": "",
            "id": "fhm988085goa9v1djv8b",
            "labels": {},
            "local_disk": [],
            "metadata": {
              "ssh-keys": "ubuntu:ssh-rsa AAAAB3NzaC1yc2EAAAADAQABAAABgQDlEG0B+lCYfSwpoKlyeD4qIAbbdboPGsA1zw9lM200DZ+Q73YkNUdmCj8EO8mjWpPGXuvwsb+PPXUJHYeZHMNhOJi3NIIuxOq0QUzN+xapB1PVAGzbJ3BboeB8prDrmq6EphlJhgis6Nca3KEoIw0oPupvJ1YDN2j4CaR1znt6ORObUzwAsDtFAbWzDPj0CnwD1O3YA28rUJHjbrDz3ehywNSmHBMfqI0hUXeRkY8QVQMggigSF4xaGpLSsh2tr5wvHjies2m769E8qr6TCMpsDS9855/qJU00fWz15utRsTppQLnRKEUYJ9wzRn/RnhO1pHX8VBzqWRK1sd13glYsz/5WkjMBb525jt8sJdbZKlMpHjzfNmnlQlm2XN5Jk92b5TwiUPMWIDgt/Ors0QCD72QxKU5/zu5azTJZdNRM7RYWx+dUcomCafWefmkubcLtg4OdGD/EsezZ1/DYFJlkg48kJj9y0eACrLigR5c8X8iqfxB7YoLVCKPJsdBtKOs= dkaretkin@MSK-LQRC4YP2RW.local\n"
            },
            "metadata_options": [
              {
                "aws_v1_http_endpoint": 1,
                "aws_v1_http_token": 2,
                "gce_http_endpoint": 1,
                "gce_http_token": 1
              }
            ],
            "name": "focalboard-1",
            "network_acceleration_type": "standard",
            "network_interface": [
              {
                "dns_record": [],
                "index": 0,
                "ip_address": "10.10.0.17",
                "ipv4": true,
                "ipv6": false,
                "ipv6_address": "",
                "ipv6_dns_record": [],
                "mac_address": "d0:0d:94:20:08:2c",
                "nat": true,
                "nat_dns_record": [],
                "nat_ip_address": "93.77.182.2",
                "nat_ip_version": "IPV4",
                "security_group_ids": [],
                "subnet_id": "e9bssilumm8lu3agtgfr"
              }
            ],
            "placement_policy": [
              {
                "host_affinity_rules": [],
                "placement_group_id": ""
              }
            ],
            "platform_id": "standard-v1",
            "resources": [
              {
                "core_fraction": 100,
                "cores": 2,
                "gpus": 0,
                "memory": 2
              }
            ],
            "scheduling_policy": [
              {
                "preemptible": false
              }
            ],
            "secondary_disk": [],
            "service_account_id": "",
            "status": "running",
            "timeouts": null,
            "zone": "ru-central1-a"
          },
          "sensitive_attributes": [],
          "identity_schema_version": 0,
          "private": "eyJlMmJmYjczMC1lY2FhLTExZTYtOGY4OC0zNDM2M2JjN2M0YzAiOnsiY3JlYXRlIjozMDAwMDAwMDAwMDAsImRlbGV0ZSI6MzAwMDAwMDAwMDAwLCJ1cGRhdGUiOjMwMDAwMDAwMDAwMH0sInNjaGVtYV92ZXJzaW9uIjoiMSJ9",
          "dependencies": [
            "data.yandex_compute_image.ubuntu",
            "data.yandex_vpc_network.existing",
            "yandex_vpc_subnet.subnet"
          ]
        }
      ]
    },
    {
      "mode": "managed",
      "type": "yandex_compute_instance",
      "name": "focalboard2",
      "provider": "provider[\"registry.terraform.io/yandex-cloud/yandex\"]",
      "instances": [
        {
          "schema_version": 1,
          "attributes": {
            "allow_recreate": null,
            "allow_stopping_for_update": null,
            "boot_disk": [
              {
                "auto_delete": true,
                "device_name": "fhmpn0o3dqvvdokmt5tr",
                "disk_id": "fhmpn0o3dqvvdokmt5tr",
                "initialize_params": [
                  {
                    "block_size": 4096,
                    "description": "",
                    "image_id": "fd875m9ethhftod6n2vd",
                    "name": "",
                    "size": 20,
                    "snapshot_id": "",
                    "type": "network-hdd"
                  }
                ],
                "mode": "READ_WRITE"
              }
            ],
            "created_at": "2026-03-12T19:57:06Z",
            "description": "",
            "filesystem": [],
            "folder_id": "b1g8ab576drugl12s20n",
            "fqdn": "fhm8gmt2q5q4i2vv9e08.auto.internal",
            "hostname": "",
            "id": "fhm8gmt2q5q4i2vv9e08",
            "labels": {},
            "local_disk": [],
            "metadata": {
              "ssh-keys": "ubuntu:ssh-rsa AAAAB3NzaC1yc2EAAAADAQABAAABgQDlEG0B+lCYfSwpoKlyeD4qIAbbdboPGsA1zw9lM200DZ+Q73YkNUdmCj8EO8mjWpPGXuvwsb+PPXUJHYeZHMNhOJi3NIIuxOq0QUzN+xapB1PVAGzbJ3BboeB8prDrmq6EphlJhgis6Nca3KEoIw0oPupvJ1YDN2j4CaR1znt6ORObUzwAsDtFAbWzDPj0CnwD1O3YA28rUJHjbrDz3ehywNSmHBMfqI0hUXeRkY8QVQMggigSF4xaGpLSsh2tr5wvHjies2m769E8qr6TCMpsDS9855/qJU00fWz15utRsTppQLnRKEUYJ9wzRn/RnhO1pHX8VBzqWRK1sd13glYsz/5WkjMBb525jt8sJdbZKlMpHjzfNmnlQlm2XN5Jk92b5TwiUPMWIDgt/Ors0QCD72QxKU5/zu5azTJZdNRM7RYWx+dUcomCafWefmkubcLtg4OdGD/EsezZ1/DYFJlkg48kJj9y0eACrLigR5c8X8iqfxB7YoLVCKPJsdBtKOs= dkaretkin@MSK-LQRC4YP2RW.local\n"
            },
            "metadata_options": [
              {
                "aws_v1_http_endpoint": 1,
                "aws_v1_http_token": 2,
                "gce_http_endpoint": 1,
                "gce_http_token": 1
              }
            ],
            "name": "focalboard-2",
            "network_acceleration_type": "standard",
            "network_interface": [
              {
                "dns_record": [],
                "index": 0,
                "ip_address": "10.10.0.22",
                "ipv4": true,
                "ipv6": false,
                "ipv6_address": "",
                "ipv6_dns_record": [],
                "mac_address": "d0:0d:88:5b:a2:d1",
                "nat": true,
                "nat_dns_record": [],
                "nat_ip_address": "93.77.179.17",
                "nat_ip_version": "IPV4",
                "security_group_ids": [],
                "subnet_id": "e9bssilumm8lu3agtgfr"
              }
            ],
            "placement_policy": [
              {
                "host_affinity_rules": [],
                "placement_group_id": ""
              }
            ],
            "platform_id": "standard-v1",
            "resources": [
              {
                "core_fraction": 100,
                "cores": 2,
                "gpus": 0,
                "memory": 2
              }
            ],
            "scheduling_policy": [
              {
                "preemptible": false
              }
            ],
            "secondary_disk": [],
            "service_account_id": "",
            "status": "running",
            "timeouts": null,
            "zone": "ru-central1-a"
          },
          "sensitive_attributes": [],
          "identity_schema_version": 0,
          "private": "eyJlMmJmYjczMC1lY2FhLTExZTYtOGY4OC0zNDM2M2JjN2M0YzAiOnsiY3JlYXRlIjozMDAwMDAwMDAwMDAsImRlbGV0ZSI6MzAwMDAwMDAwMDAwLCJ1cGRhdGUiOjMwMDAwMDAwMDAwMH0sInNjaGVtYV92ZXJzaW9uIjoiMSJ9",
          "dependencies": [
            "data.yandex_compute_image.ubuntu",
            "data.yandex_vpc_network.existing",
            "yandex_vpc_subnet.subnet"
          ]
        }
      ]
    },
    {
      "mode": "managed",
      "type": "yandex_compute_instance",
      "name": "postgres",
      "provider": "provider[\"registry.terraform.io/yandex-cloud/yandex\"]",
      "instances": [
        {
          "schema_version": 1,
          "attributes": {
            "allow_recreate": null,
            "allow_stopping_for_update": null,
            "boot_disk": [
              {
                "auto_delete": true,
                "device_name": "fhmg0k12knm4edsdb3n3",
                "disk_id": "fhmg0k12knm4edsdb3n3",
                "initialize_params": [
                  {
                    "block_size": 4096,
                    "description": "",
                    "image_id": "fd875m9ethhftod6n2vd",
                    "name": "",
                    "size": 20,
                    "snapshot_id": "",
                    "type": "network-hdd"
                  }
                ],
                "mode": "READ_WRITE"
              }
            ],
            "created_at": "2026-03-12T19:57:06Z",
            "description": "",
            "filesystem": [],
            "folder_id": "b1g8ab576drugl12s20n",
            "fqdn": "fhmtj60irki3mmshpnd9.auto.internal",
            "hostname": "",
            "id": "fhmtj60irki3mmshpnd9",
            "labels": {},
            "local_disk": [],
            "metadata": {
              "ssh-keys": "ubuntu:ssh-rsa AAAAB3NzaC1yc2EAAAADAQABAAABgQDlEG0B+lCYfSwpoKlyeD4qIAbbdboPGsA1zw9lM200DZ+Q73YkNUdmCj8EO8mjWpPGXuvwsb+PPXUJHYeZHMNhOJi3NIIuxOq0QUzN+xapB1PVAGzbJ3BboeB8prDrmq6EphlJhgis6Nca3KEoIw0oPupvJ1YDN2j4CaR1znt6ORObUzwAsDtFAbWzDPj0CnwD1O3YA28rUJHjbrDz3ehywNSmHBMfqI0hUXeRkY8QVQMggigSF4xaGpLSsh2tr5wvHjies2m769E8qr6TCMpsDS9855/qJU00fWz15utRsTppQLnRKEUYJ9wzRn/RnhO1pHX8VBzqWRK1sd13glYsz/5WkjMBb525jt8sJdbZKlMpHjzfNmnlQlm2XN5Jk92b5TwiUPMWIDgt/Ors0QCD72QxKU5/zu5azTJZdNRM7RYWx+dUcomCafWefmkubcLtg4OdGD/EsezZ1/DYFJlkg48kJj9y0eACrLigR5c8X8iqfxB7YoLVCKPJsdBtKOs= dkaretkin@MSK-LQRC4YP2RW.local\n"
            },
            "metadata_options": [
              {
                "aws_v1_http_endpoint": 1,
                "aws_v1_http_token": 2,
                "gce_http_endpoint": 1,
                "gce_http_token": 1
              }
            ],
            "name": "postgres",
            "network_acceleration_type": "standard",
            "network_interface": [
              {
                "dns_record": [],
                "index": 0,
                "ip_address": "10.10.0.33",
                "ipv4": true,
                "ipv6": false,
                "ipv6_address": "",
                "ipv6_dns_record": [],
                "mac_address": "d0:0d:1d:99:81:2d",
                "nat": true,
                "nat_dns_record": [],
                "nat_ip_address": "93.77.176.31",
                "nat_ip_version": "IPV4",
                "security_group_ids": [],
                "subnet_id": "e9bssilumm8lu3agtgfr"
              }
            ],
            "placement_policy": [
              {
                "host_affinity_rules": [],
                "placement_group_id": ""
              }
            ],
            "platform_id": "standard-v1",
            "resources": [
              {
                "core_fraction": 100,
                "cores": 2,
                "gpus": 0,
                "memory": 2
              }
            ],
            "scheduling_policy": [
              {
                "preemptible": false
              }
            ],
            "secondary_disk": [],
            "service_account_id": "",
            "status": "running",
            "timeouts": null,
            "zone": "ru-central1-a"
          },
          "sensitive_attributes": [],
          "identity_schema_version": 0,
          "private": "eyJlMmJmYjczMC1lY2FhLTExZTYtOGY4OC0zNDM2M2JjN2M0YzAiOnsiY3JlYXRlIjozMDAwMDAwMDAwMDAsImRlbGV0ZSI6MzAwMDAwMDAwMDAwLCJ1cGRhdGUiOjMwMDAwMDAwMDAwMH0sInNjaGVtYV92ZXJzaW9uIjoiMSJ9",
          "dependencies": [
            "data.yandex_compute_image.ubuntu",
            "data.yandex_vpc_network.existing",
            "yandex_vpc_subnet.subnet"
          ]
        }
      ]
    },
    {
      "mode": "managed",
      "type": "yandex_dns_recordset",
      "name": "focalboard",
      "provider": "provider[\"registry.terraform.io/yandex-cloud/yandex\"]",
      "instances": [
        {
          "schema_version": 0,
          "attributes": {
            "data": [
              "158.160.189.140"
            ],
            "id": "dns4jb8olpl2or21ube9/cheap-domen-for-devops-education.asia./A",
            "name": "cheap-domen-for-devops-education.asia.",
            "timeouts": null,
            "ttl": 300,
            "type": "A",
            "zone_id": "dns4jb8olpl2or21ube9"
          },
          "sensitive_attributes": [],
          "identity_schema_version": 0,
          "private": "eyJlMmJmYjczMC1lY2FhLTExZTYtOGY4OC0zNDM2M2JjN2M0YzAiOnsiY3JlYXRlIjozMDAwMDAwMDAwMDAsImRlbGV0ZSI6MzAwMDAwMDAwMDAwLCJ1cGRhdGUiOjMwMDAwMDAwMDAwMH19",
          "dependencies": [
            "data.yandex_compute_image.ubuntu",
            "data.yandex_vpc_network.existing",
            "yandex_compute_instance.focalboard1",
            "yandex_compute_instance.focalboard2",
            "yandex_lb_network_load_balancer.lb",
            "yandex_lb_target_group.focalboard",
            "yandex_vpc_subnet.subnet"
          ]
        }
      ]
    },
    {
      "mode": "managed",
      "type": "yandex_lb_network_load_balancer",
      "name": "lb",
      "provider": "provider[\"registry.terraform.io/yandex-cloud/yandex\"]",
      "instances": [
        {
          "schema_version": 0,
          "attributes": {
            "attached_target_group": [
              {
                "healthcheck": [
                  {
                    "healthy_threshold": 2,
                    "http_options": [
                      {
                        "path": "/",
                        "port": 8000
                      }
                    ],
                    "interval": 2,
                    "name": "http",
                    "tcp_options": [],
                    "timeout": 1,
                    "unhealthy_threshold": 2
                  }
                ],
                "target_group_id": "enplfib8r00mj242ffi6"
              }
            ],
            "created_at": "2026-03-12T19:57:49Z",
            "description": "",
            "folder_id": "b1g8ab576drugl12s20n",
            "id": "enpkl03m9m007etmvb23",
            "labels": {},
            "listener": [
              {
                "external_address_spec": [
                  {
                    "address": "158.160.189.140",
                    "ip_version": "ipv4"
                  }
                ],
                "internal_address_spec": [],
                "name": "http",
                "port": 80,
                "protocol": "tcp",
                "target_port": 8000
              }
            ],
            "name": "focalboard-lb",
            "region_id": "ru-central1",
            "timeouts": null,
            "type": "external"
          },
          "sensitive_attributes": [],
          "identity_schema_version": 0,
          "private": "eyJlMmJmYjczMC1lY2FhLTExZTYtOGY4OC0zNDM2M2JjN2M0YzAiOnsiY3JlYXRlIjozMDAwMDAwMDAwMDAsImRlbGV0ZSI6MzAwMDAwMDAwMDAwLCJ1cGRhdGUiOjMwMDAwMDAwMDAwMH19",
          "dependencies": [
            "data.yandex_compute_image.ubuntu",
            "data.yandex_vpc_network.existing",
            "yandex_compute_instance.focalboard1",
            "yandex_compute_instance.focalboard2",
            "yandex_lb_target_group.focalboard",
            "yandex_vpc_subnet.subnet"
          ]
        }
      ]
    },
    {
      "mode": "managed",
      "type": "yandex_lb_target_group",
      "name": "focalboard",
      "provider": "provider[\"registry.terraform.io/yandex-cloud/yandex\"]",
      "instances": [
        {
          "schema_version": 0,
          "attributes": {
            "created_at": "2026-03-12T19:57:47Z",
            "description": "",
            "folder_id": "b1g8ab576drugl12s20n",
            "id": "enplfib8r00mj242ffi6",
            "labels": {},
            "name": "focalboard-group",
            "region_id": "ru-central1",
            "target": [
              {
                "address": "10.10.0.17",
                "subnet_id": "e9bssilumm8lu3agtgfr"
              },
              {
                "address": "10.10.0.22",
                "subnet_id": "e9bssilumm8lu3agtgfr"
              }
            ],
            "timeouts": null
          },
          "sensitive_attributes": [],
          "identity_schema_version": 0,
          "private": "eyJlMmJmYjczMC1lY2FhLTExZTYtOGY4OC0zNDM2M2JjN2M0YzAiOnsiY3JlYXRlIjozMDAwMDAwMDAwMDAsImRlbGV0ZSI6MzAwMDAwMDAwMDAwLCJ1cGRhdGUiOjMwMDAwMDAwMDAwMH19",
          "dependencies": [
            "data.yandex_compute_image.ubuntu",
            "data.yandex_vpc_network.existing",
            "yandex_compute_instance.focalboard1",
            "yandex_compute_instance.focalboard2",
            "yandex_vpc_subnet.subnet"
          ]
        }
      ]
    },
    {
      "mode": "managed",
      "type": "yandex_vpc_subnet",
      "name": "subnet",
      "provider": "provider[\"registry.terraform.io/yandex-cloud/yandex\"]",
      "instances": [
        {
          "schema_version": 0,
          "attributes": {
            "created_at": "2026-03-12T19:57:05Z",
            "description": "",
            "dhcp_options": [],
            "folder_id": "b1g8ab576drugl12s20n",
            "id": "e9bssilumm8lu3agtgfr",
            "labels": {},
            "name": "devops-education-subnet",
            "network_id": "enpih6fh6c3m3v527s73",
            "route_table_id": "",
            "timeouts": null,
            "v4_cidr_blocks": [
              "10.10.0.0/24"
            ],
            "v6_cidr_blocks": [],
            "zone": "ru-central1-a"
          },
          "sensitive_attributes": [],
          "identity_schema_version": 0,
          "private": "eyJlMmJmYjczMC1lY2FhLTExZTYtOGY4OC0zNDM2M2JjN2M0YzAiOnsiY3JlYXRlIjoxODAwMDAwMDAwMDAsImRlbGV0ZSI6MTgwMDAwMDAwMDAwLCJ1cGRhdGUiOjE4MDAwMDAwMDAwMH19",
          "dependencies": [
            "data.yandex_vpc_network.existing"
          ]
        }
      ]
    }
  ],
  "check_results": null
}
